
Microsoft Visual Studio Solution File, Format Version 12.00
# Visual Studio Version 17
VisualStudioVersion = 17.13.35825.156
MinimumVisualStudioVersion = 10.0.40219.1
Project("{FAE04EC0-301F-11D3-BF4B-00C04F79EFBC}") = "Projet.API.Serveur", "Projet.API.Serveur\Projet.API.Serveur.csproj", "{F7BA5578-11C3-4A83-A17B-ED10CF075310}"
EndProject
Project("{FAE04EC0-301F-11D3-BF4B-00C04F79EFBC}") = "Projet.AppClient.Console", "Projet.AppClient.Console\Projet.AppClient.Console.csproj", "{DB514D07-1826-4914-B151-26CC27A61833}"
EndProject
Project("{FAE04EC0-301F-11D3-BF4B-00C04F79EFBC}") = "Projet.AppClient.Data", "Projet.AppClient.Data\Projet.AppClient.Data.csproj", "{BA7C002C-D51D-4824-B5C9-8D9695B96BAB}"
EndProject
Project("{FAE04EC0-301F-11D3-BF4B-00C04F79EFBC}") = "Projet.AppClient.Service", "Projet.AppClient.Service\Projet.AppClient.Service.csproj", "{96A4226A-6901-4214-9E6F-10643CCEC826}"
EndProject
Project("{FAE04EC0-301F-11D3-BF4B-00C04F79EFBC}") = "Projet.AppClient.Controller", "Projet.AppClient.Controller\Projet.AppClient.Controller.csproj", "{6FC2ED6B-2A30-4DC9-BE9B-4157F9B0232A}"
EndProject
Project("{FAE04EC0-301F-11D3-BF4B-00C04F79EFBC}") = "Projet.AppClient.View", "Projet.AppClient.View\Projet.AppClient.View.csproj", "{C829277E-4B80-4FAD-B076-6FE266F433C1}"
EndProject
Project("{FAE04EC0-301F-11D3-BF4B-00C04F79EFBC}") = "Projet.Serveur.Data", "Projet.Serveur.Data\Projet.Serveur.Data.csproj", "{F767787D-A32B-99E5-A506-D397CFA32B93}"
EndProject
Project("{FAE04EC0-301F-11D3-BF4B-00C04F79EFBC}") = "Projet.Serveur.Service", "Projet.Serveur.Service\Projet.Serveur.Service.csproj", "{2A8AF27A-2DAE-D0C3-E2DC-007613EEB86F}"
EndProject
Global
	GlobalSection(SolutionConfigurationPlatforms) = preSolution
		Debug|Any CPU = Debug|Any CPU
		Release|Any CPU = Release|Any CPU
	EndGlobalSection
	GlobalSection(ProjectConfigurationPlatforms) = postSolution
		{F7BA5578-11C3-4A83-A17B-ED10CF075310}.Debug|Any CPU.ActiveCfg = Debug|Any CPU
		{F7BA5578-11C3-4A83-A17B-ED10CF075310}.Release|Any CPU.ActiveCfg = Release|Any CPU
		{F7BA5578-11C3-4A83-A17B-ED10CF075310}.Release|Any CPU.Build.0 = Release|Any CPU
		{DB514D07-1826-4914-B151-26CC27A61833}.Debug|Any CPU.ActiveCfg = Debug|Any CPU
		{DB514D07-1826-4914-B151-26CC27A61833}.Debug|Any CPU.Build.0 = Debug|Any CPU
		{DB514D07-1826-4914-B151-26CC27A61833}.Release|Any CPU.ActiveCfg = Release|Any CPU
		{DB514D07-1826-4914-B151-26CC27A61833}.Release|Any CPU.Build.0 = Release|Any CPU
		{BA7C002C-D51D-4824-B5C9-8D9695B96BAB}.Debug|Any CPU.ActiveCfg = Debug|Any CPU
		{BA7C002C-D51D-4824-B5C9-8D9695B96BAB}.Debug|Any CPU.Build.0 = Debug|Any CPU
		{BA7C002C-D51D-4824-B5C9-8D9695B96BAB}.Release|Any CPU.ActiveCfg = Release|Any CPU
		{BA7C002C-D51D-4824-B5C9-8D9695B96BAB}.Release|Any CPU.Build.0 = Release|Any CPU
		{96A4226A-6901-4214-9E6F-10643CCEC826}.Debug|Any CPU.ActiveCfg = Debug|Any CPU
		{96A4226A-6901-4214-9E6F-10643CCEC826}.Debug|Any CPU.Build.0 = Debug|Any CPU
		{96A4226A-6901-4214-9E6F-10643CCEC826}.Release|Any CPU.ActiveCfg = Release|Any CPU
		{96A4226A-6901-4214-9E6F-10643CCEC826}.Release|Any CPU.Build.0 = Release|Any CPU
		{6FC2ED6B-2A30-4DC9-BE9B-4157F9B0232A}.Debug|Any CPU.ActiveCfg = Debug|Any CPU
		{6FC2ED6B-2A30-4DC9-BE9B-4157F9B0232A}.Debug|Any CPU.Build.0 = Debug|Any CPU
		{6FC2ED6B-2A30-4DC9-BE9B-4157F9B0232A}.Release|Any CPU.ActiveCfg = Release|Any CPU
		{6FC2ED6B-2A30-4DC9-BE9B-4157F9B0232A}.Release|Any CPU.Build.0 = Release|Any CPU
		{C829277E-4B80-4FAD-B076-6FE266F433C1}.Debug|Any CPU.ActiveCfg = Debug|Any CPU
		{C829277E-4B80-4FAD-B076-6FE266F433C1}.Debug|Any CPU.Build.0 = Debug|Any CPU
		{C829277E-4B80-4FAD-B076-6FE266F433C1}.Release|Any CPU.ActiveCfg = Release|Any CPU
		{C829277E-4B80-4FAD-B076-6FE266F433C1}.Release|Any CPU.Build.0 = Release|Any CPU
		{F767787D-A32B-99E5-A506-D397CFA32B93}.Debug|Any CPU.ActiveCfg = Debug|Any CPU
		{F767787D-A32B-99E5-A506-D397CFA32B93}.Release|Any CPU.ActiveCfg = Release|Any CPU
		{F767787D-A32B-99E5-A506-D397CFA32B93}.Release|Any CPU.Build.0 = Release|Any CPU
		{2A8AF27A-2DAE-D0C3-E2DC-007613EEB86F}.Debug|Any CPU.ActiveCfg = Debug|Any CPU
		{2A8AF27A-2DAE-D0C3-E2DC-007613EEB86F}.Release|Any CPU.ActiveCfg = Release|Any CPU
		{2A8AF27A-2DAE-D0C3-E2DC-007613EEB86F}.Release|Any CPU.Build.0 = Release|Any CPU
	EndGlobalSection
	GlobalSection(SolutionProperties) = preSolution
		HideSolutionNode = FALSE
	EndGlobalSection
	GlobalSection(ExtensibilityGlobals) = postSolution
		SolutionGuid = {05DD66E0-79E3-4AAE-8ED2-F50E1FA78497}
	EndGlobalSection
EndGlobal
